
Microsoft Visual Studio Solution File, Format Version 12.00
# Visual Studio Version 17
VisualStudioVersion = 17.3.32819.101
MinimumVisualStudioVersion = 10.0.40219.1
Project("{FAE04EC0-301F-11D3-BF4B-00C04F79EFBC}") = "klasside_Isik__", "klasside_Isik__\klasside_Isik__.csproj", "{9B970271-AE93-45D4-9A76-A5E4068B0CD3}"
EndProject
Global
	GlobalSection(SolutionConfigurationPlatforms) = preSolution
		Debug|Any CPU = Debug|Any CPU
		Release|Any CPU = Release|Any CPU
	EndGlobalSection
	GlobalSection(ProjectConfigurationPlatforms) = postSolution
		{9B970271-AE93-45D4-9A76-A5E4068B0CD3}.Debug|Any CPU.ActiveCfg = Debug|Any CPU
		{9B970271-AE93-45D4-9A76-A5E4068B0CD3}.Debug|Any CPU.Build.0 = Debug|Any CPU
		{9B970271-AE93-45D4-9A76-A5E4068B0CD3}.Release|Any CPU.ActiveCfg = Release|Any CPU
		{9B970271-AE93-45D4-9A76-A5E4068B0CD3}.Release|Any CPU.Build.0 = Release|Any CPU
	EndGlobalSection
	GlobalSection(SolutionProperties) = preSolution
		HideSolutionNode = FALSE
	EndGlobalSection
	GlobalSection(ExtensibilityGlobals) = postSolution
		SolutionGuid = {145BD603-8EB2-4B0E-8236-FBC379FFB491}
	EndGlobalSection
EndGlobal
